version = 1
revision = 3
requires-python = ">=3.13"

[[package]]
name = "dsider"
version = "0.1.0"
source = { editable = "." }

[package.dev-dependencies]
dev = [
    { name = "prek" },
]

[package.metadata]

[package.metadata.requires-dev]
dev = [{ name = "prek", specifier = ">=0.3.2" }]

[[package]]
name = "prek"
version = "0.3.2"
source = { registry = "https://pypi.org/simple" }
sdist = { url = "https://files.pythonhosted.org/packages/d3/f5/ee52def928dd1355c20bcfcf765e1e61434635c33f3075e848e7b83a157b/prek-0.3.2.tar.gz", hash = "sha256:dce0074ff1a21290748ca567b4bda7553ee305a8c7b14d737e6c58364a499364", size = 334229, upload-time = "2026-02-06T13:49:47.539Z" }
wheels = [
    { url = "https://files.pythonhosted.org/packages/76/69/70a5fc881290a63910494df2677c0fb241d27cfaa435bbcd0de5cd2e2443/prek-0.3.2-py3-none-linux_armv6l.whl", hash = "sha256:4f352f9c3fc98aeed4c8b2ec4dbf16fc386e45eea163c44d67e5571489bd8e6f", size = 4614960, upload-time = "2026-02-06T13:50:05.818Z" },
    { url = "https://files.pythonhosted.org/packages/c0/15/a82d5d32a2207ccae5d86ea9e44f2b93531ed000faf83a253e8d1108e026/prek-0.3.2-py3-none-macosx_10_12_x86_64.whl", hash = "sha256:4a000cfbc3a6ec7d424f8be3c3e69ccd595448197f92daac8652382d0acc2593", size = 4622889, upload-time = "2026-02-06T13:49:53.662Z" },
    { url = "https://files.pythonhosted.org/packages/89/75/ea833b58a12741397017baef9b66a6e443bfa8286ecbd645d14111446280/prek-0.3.2-py3-none-macosx_11_0_arm64.whl", hash = "sha256:5436bdc2702cbd7bcf9e355564ae66f8131211e65fefae54665a94a07c3d450a", size = 4239653, upload-time = "2026-02-06T13:50:02.88Z" },
    { url = "https://files.pythonhosted.org/packages/10/b4/d9c3885987afac6e20df4cb7db14e3b0d5a08a77ae4916488254ebac4d0b/prek-0.3.2-py3-none-manylinux_2_17_aarch64.manylinux2014_aarch64.musllinux_1_1_aarch64.whl", hash = "sha256:0161b5f584f9e7f416d6cf40a17b98f17953050ff8d8350ec60f20fe966b86b6", size = 4595101, upload-time = "2026-02-06T13:49:49.813Z" },
    { url = "https://files.pythonhosted.org/packages/21/a6/1a06473ed83dbc898de22838abdb13954e2583ce229f857f61828384634c/prek-0.3.2-py3-none-manylinux_2_17_armv7l.manylinux2014_armv7l.whl", hash = "sha256:4e641e8533bca38797eebb49aa89ed0e8db0e61225943b27008c257e3af4d631", size = 4521978, upload-time = "2026-02-06T13:49:41.266Z" },
    { url = "https://files.pythonhosted.org/packages/0c/5e/c38390d5612e6d86b32151c1d2fdab74a57913473193591f0eb00c894c21/prek-0.3.2-py3-none-manylinux_2_17_i686.manylinux2014_i686.whl", hash = "sha256:cfca1810d49d3f9ef37599c958c4e716bc19a1d78a7e88cbdcb332e0b008994f", size = 4829108, upload-time = "2026-02-06T13:49:44.598Z" },
    { url = "https://files.pythonhosted.org/packages/80/a6/cecce2ab623747ff65ed990bb0d95fa38449ee19b348234862acf9392fff/prek-0.3.2-py3-none-manylinux_2_17_s390x.manylinux2014_s390x.whl", hash = "sha256:e5d69d754299a95a85dc20196f633232f306bee7e7c8cba61791f49ce70404ec", size = 5357520, upload-time = "2026-02-06T13:49:48.512Z" },
    { url = "https://files.pythonhosted.org/packages/a5/18/d6bcb29501514023c76d55d5cd03bdbc037737c8de8b6bc41cdebfb1682c/prek-0.3.2-py3-none-manylinux_2_17_x86_64.manylinux2014_x86_64.whl", hash = "sha256:539dcb90ad9b20837968539855df6a29493b328a1ae87641560768eed4f313b0", size = 4852635, upload-time = "2026-02-06T13:49:58.347Z" },
    { url = "https://files.pythonhosted.org/packages/1b/0a/ae46f34ba27ba87aea5c9ad4ac9cd3e07e014fd5079ae079c84198f62118/prek-0.3.2-py3-none-manylinux_2_28_aarch64.whl", hash = "sha256:1998db3d0cbe243984736c82232be51318f9192e2433919a6b1c5790f600b5fd", size = 4599484, upload-time = "2026-02-06T13:49:43.296Z" },
    { url = "https://files.pythonhosted.org/packages/1a/a9/73bfb5b3f7c3583f9b0d431924873928705cdef6abb3d0461c37254a681b/prek-0.3.2-py3-none-manylinux_2_31_riscv64.whl", hash = "sha256:07ab237a5415a3e8c0db54de9d63899bcd947624bdd8820d26f12e65f8d19eb7", size = 4657694, upload-time = "2026-02-06T13:50:01.074Z" },
    { url = "https://files.pythonhosted.org/packages/a7/bc/0994bc176e1a80110fad3babce2c98b0ac4007630774c9e18fc200a34781/prek-0.3.2-py3-none-musllinux_1_1_armv7l.whl", hash = "sha256:0ced19701d69c14a08125f14a5dd03945982edf59e793c73a95caf4697a7ac30", size = 4509337, upload-time = "2026-02-06T13:49:54.891Z" },
    { url = "https://files.pythonhosted.org/packages/f9/13/e73f85f65ba8f626468e5d1694ab3763111513da08e0074517f40238c061/prek-0.3.2-py3-none-musllinux_1_1_i686.whl", hash = "sha256:ffb28189f976fa111e770ee94e4f298add307714568fb7d610c8a7095cb1ce59", size = 4697350, upload-time = "2026-02-06T13:50:04.526Z" },
    { url = "https://files.pythonhosted.org/packages/14/47/98c46dcd580305b9960252a4eb966f1a7b1035c55c363f378d85662ba400/prek-0.3.2-py3-none-musllinux_1_1_x86_64.whl", hash = "sha256:f63134b3eea14421789a7335d86f99aee277cb520427196f2923b9260c60e5c5", size = 4955860, upload-time = "2026-02-06T13:49:56.581Z" },
    { url = "https://files.pythonhosted.org/packages/73/42/1bb4bba3ff47897df11e9dfd774027cdfa135482c961a54e079af0faf45a/prek-0.3.2-py3-none-win32.whl", hash = "sha256:58c806bd1344becd480ef5a5ba348846cc000af0e1fbe854fef91181a2e06461", size = 4267619, upload-time = "2026-02-06T13:49:39.503Z" },
    { url = "https://files.pythonhosted.org/packages/97/11/6665f47a7c350d83de17403c90bbf7a762ef50876ece456a86f64f46fbfb/prek-0.3.2-py3-none-win_amd64.whl", hash = "sha256:70114b48e9eb8048b2c11b4c7715ce618529c6af71acc84dd8877871a2ef71a6", size = 4624324, upload-time = "2026-02-06T13:49:45.922Z" },
    { url = "https://files.pythonhosted.org/packages/22/e7/740997ca82574d03426f897fd88afe3fc8a7306b8c7ea342a8bc1c538488/prek-0.3.2-py3-none-win_arm64.whl", hash = "sha256:9144d176d0daa2469a25c303ef6f6fa95a8df015eb275232f5cb53551ecefef0", size = 4336008, upload-time = "2026-02-06T13:49:52.27Z" },
]
